// !$*UTF8*$!
{
	archiveVersion = 1;
	classes = {
	};
	objectVersion = 56;
	objects = {

/* Begin PBXBuildFile section */
		982D6E7F2A0820A70044A85F /* DevoteApp.swift in Sources */ = {isa = PBXBuildFile; fileRef = 982D6E7E2A0820A70044A85F /* DevoteApp.swift */; };
		982D6E812A0820A70044A85F /* ContentView.swift in Sources */ = {isa = PBXBuildFile; fileRef = 982D6E802A0820A70044A85F /* ContentView.swift */; };
		982D6E832A0820A90044A85F /* Assets.xcassets in Resources */ = {isa = PBXBuildFile; fileRef = 982D6E822A0820A90044A85F /* Assets.xcassets */; };
		982D6E862A0820A90044A85F /* Preview Assets.xcassets in Resources */ = {isa = PBXBuildFile; fileRef = 982D6E852A0820A90044A85F /* Preview Assets.xcassets */; };
		982D6E882A0820A90044A85F /* Persistence.swift in Sources */ = {isa = PBXBuildFile; fileRef = 982D6E872A0820A90044A85F /* Persistence.swift */; };
		982D6E8B2A0820A90044A85F /* Devote.xcdatamodeld in Sources */ = {isa = PBXBuildFile; fileRef = 982D6E892A0820A90044A85F /* Devote.xcdatamodeld */; };
		982D6E942A0821170044A85F /* sound-ding.mp3 in Resources */ = {isa = PBXBuildFile; fileRef = 982D6E912A0821160044A85F /* sound-ding.mp3 */; };
		982D6E952A0821170044A85F /* sound-rise.mp3 in Resources */ = {isa = PBXBuildFile; fileRef = 982D6E922A0821160044A85F /* sound-rise.mp3 */; };
		982D6E962A0821170044A85F /* sound-tap.mp3 in Resources */ = {isa = PBXBuildFile; fileRef = 982D6E932A0821160044A85F /* sound-tap.mp3 */; };
		982D6EA42A0829A30044A85F /* Constants.swift in Sources */ = {isa = PBXBuildFile; fileRef = 982D6EA32A0829A30044A85F /* Constants.swift */; };
		982D6EA62A082F270044A85F /* UIApplication+Extension.swift in Sources */ = {isa = PBXBuildFile; fileRef = 982D6EA52A082F270044A85F /* UIApplication+Extension.swift */; };
/* End PBXBuildFile section */

/* Begin PBXFileReference section */
		982D6E7B2A0820A70044A85F /* Devote.app */ = {isa = PBXFileReference; explicitFileType = wrapper.application; includeInIndex = 0; path = Devote.app; sourceTree = BUILT_PRODUCTS_DIR; };
		982D6E7E2A0820A70044A85F /* DevoteApp.swift */ = {isa = PBXFileReference; lastKnownFileType = sourcecode.swift; path = DevoteApp.swift; sourceTree = "<group>"; };
		982D6E802A0820A70044A85F /* ContentView.swift */ = {isa = PBXFileReference; lastKnownFileType = sourcecode.swift; path = ContentView.swift; sourceTree = "<group>"; };
		982D6E822A0820A90044A85F /* Assets.xcassets */ = {isa = PBXFileReference; lastKnownFileType = folder.assetcatalog; path = Assets.xcassets; sourceTree = "<group>"; };
		982D6E852A0820A90044A85F /* Preview Assets.xcassets */ = {isa = PBXFileReference; lastKnownFileType = folder.assetcatalog; path = "Preview Assets.xcassets"; sourceTree = "<group>"; };
		982D6E872A0820A90044A85F /* Persistence.swift */ = {isa = PBXFileReference; lastKnownFileType = sourcecode.swift; path = Persistence.swift; sourceTree = "<group>"; };
		982D6E8A2A0820A90044A85F /* Devote.xcdatamodel */ = {isa = PBXFileReference; lastKnownFileType = wrapper.xcdatamodel; path = Devote.xcdatamodel; sourceTree = "<group>"; };
		982D6E912A0821160044A85F /* sound-ding.mp3 */ = {isa = PBXFileReference; lastKnownFileType = audio.mp3; path = "sound-ding.mp3"; sourceTree = "<group>"; };
		982D6E922A0821160044A85F /* sound-rise.mp3 */ = {isa = PBXFileReference; lastKnownFileType = audio.mp3; path = "sound-rise.mp3"; sourceTree = "<group>"; };
		982D6E932A0821160044A85F /* sound-tap.mp3 */ = {isa = PBXFileReference; lastKnownFileType = audio.mp3; path = "sound-tap.mp3"; sourceTree = "<group>"; };
		982D6E9E2A0821D00044A85F /* Info.plist */ = {isa = PBXFileReference; lastKnownFileType = text.plist; path = Info.plist; sourceTree = "<group>"; };
		982D6EA32A0829A30044A85F /* Constants.swift */ = {isa = PBXFileReference; lastKnownFileType = sourcecode.swift; path = Constants.swift; sourceTree = "<group>"; };
		982D6EA52A082F270044A85F /* UIApplication+Extension.swift */ = {isa = PBXFileReference; lastKnownFileType = sourcecode.swift; path = "UIApplication+Extension.swift"; sourceTree = "<group>"; };
/* End PBXFileReference section */

/* Begin PBXFrameworksBuildPhase section */
		982D6E782A0820A70044A85F /* Frameworks */ = {
			isa = PBXFrameworksBuildPhase;
			buildActionMask = 2147483647;
			files = (
			);
			runOnlyForDeploymentPostprocessing = 0;
		};
/* End PBXFrameworksBuildPhase section */

/* Begin PBXGroup section */
		982D6E722A0820A70044A85F = {
			isa = PBXGroup;
			children = (
				982D6E7D2A0820A70044A85F /* Devote */,
				982D6E7C2A0820A70044A85F /* Products */,
			);
			sourceTree = "<group>";
		};
		982D6E7C2A0820A70044A85F /* Products */ = {
			isa = PBXGroup;
			children = (
				982D6E7B2A0820A70044A85F /* Devote.app */,
			);
			name = Products;
			sourceTree = "<group>";
		};
		982D6E7D2A0820A70044A85F /* Devote */ = {
			isa = PBXGroup;
			children = (
				982D6E9E2A0821D00044A85F /* Info.plist */,
				982D6E7E2A0820A70044A85F /* DevoteApp.swift */,
				982D6E9C2A0821760044A85F /* View */,
				982D6E982A0821360044A85F /* Shared */,
				982D6E822A0820A90044A85F /* Assets.xcassets */,
				982D6E842A0820A90044A85F /* Preview Content */,
			);
			path = Devote;
			sourceTree = "<group>";
		};
		982D6E842A0820A90044A85F /* Preview Content */ = {
			isa = PBXGroup;
			children = (
				982D6E852A0820A90044A85F /* Preview Assets.xcassets */,
			);
			path = "Preview Content";
			sourceTree = "<group>";
		};
		982D6E982A0821360044A85F /* Shared */ = {
			isa = PBXGroup;
			children = (
				982D6E9D2A08218B0044A85F /* Sounds */,
				982D6E9B2A08215A0044A85F /* Models */,
				982D6E9A2A0821480044A85F /* Extensions */,
				982D6E992A08213E0044A85F /* Utility */,
			);
			path = Shared;
			sourceTree = "<group>";
		};
		982D6E992A08213E0044A85F /* Utility */ = {
			isa = PBXGroup;
			children = (
				982D6EA32A0829A30044A85F /* Constants.swift */,
			);
			path = Utility;
			sourceTree = "<group>";
		};
		982D6E9A2A0821480044A85F /* Extensions */ = {
			isa = PBXGroup;
			children = (
				982D6EA52A082F270044A85F /* UIApplication+Extension.swift */,
			);
			path = Extensions;
			sourceTree = "<group>";
		};
		982D6E9B2A08215A0044A85F /* Models */ = {
			isa = PBXGroup;
			children = (
				982D6E872A0820A90044A85F /* Persistence.swift */,
				982D6E892A0820A90044A85F /* Devote.xcdatamodeld */,
			);
			path = Models;
			sourceTree = "<group>";
		};
		982D6E9C2A0821760044A85F /* View */ = {
			isa = PBXGroup;
			children = (
				982D6E802A0820A70044A85F /* ContentView.swift */,
			);
			path = View;
			sourceTree = "<group>";
		};
		982D6E9D2A08218B0044A85F /* Sounds */ = {
			isa = PBXGroup;
			children = (
				982D6E912A0821160044A85F /* sound-ding.mp3 */,
				982D6E922A0821160044A85F /* sound-rise.mp3 */,
				982D6E932A0821160044A85F /* sound-tap.mp3 */,
			);
			path = Sounds;
			sourceTree = "<group>";
		};
/* End PBXGroup section */

/* Begin PBXNativeTarget section */
		982D6E7A2A0820A70044A85F /* Devote */ = {
			isa = PBXNativeTarget;
			buildConfigurationList = 982D6E8E2A0820A90044A85F /* Build configuration list for PBXNativeTarget "Devote" */;
			buildPhases = (
				982D6E772A0820A70044A85F /* Sources */,
				982D6E782A0820A70044A85F /* Frameworks */,
				982D6E792A0820A70044A85F /* Resources */,
			);
			buildRules = (
			);
			dependencies = (
			);
			name = Devote;
			productName = Devote;
			productReference = 982D6E7B2A0820A70044A85F /* Devote.app */;
			productType = "com.apple.product-type.application";
		};
/* End PBXNativeTarget section */

/* Begin PBXProject section */
		982D6E732A0820A70044A85F /* Project object */ = {
			isa = PBXProject;
			attributes = {
				BuildIndependentTargetsInParallel = 1;
				LastSwiftUpdateCheck = 1430;
				LastUpgradeCheck = 1430;
				TargetAttributes = {
					982D6E7A2A0820A70044A85F = {
						CreatedOnToolsVersion = 14.3;
					};
				};
			};
			buildConfigurationList = 982D6E762A0820A70044A85F /* Build configuration list for PBXProject "Devote" */;
			compatibilityVersion = "Xcode 14.0";
			developmentRegion = en;
			hasScannedForEncodings = 0;
			knownRegions = (
				en,
				Base,
			);
			mainGroup = 982D6E722A0820A70044A85F;
			productRefGroup = 982D6E7C2A0820A70044A85F /* Products */;
			projectDirPath = "";
			projectRoot = "";
			targets = (
				982D6E7A2A0820A70044A85F /* Devote */,
			);
		};
/* End PBXProject section */

/* Begin PBXResourcesBuildPhase section */
		982D6E792A0820A70044A85F /* Resources */ = {
			isa = PBXResourcesBuildPhase;
			buildActionMask = 2147483647;
			files = (
				982D6E862A0820A90044A85F /* Preview Assets.xcassets in Resources */,
				982D6E952A0821170044A85F /* sound-rise.mp3 in Resources */,
				982D6E832A0820A90044A85F /* Assets.xcassets in Resources */,
				982D6E962A0821170044A85F /* sound-tap.mp3 in Resources */,
				982D6E942A0821170044A85F /* sound-ding.mp3 in Resources */,
			);
			runOnlyForDeploymentPostprocessing = 0;
		};
/* End PBXResourcesBuildPhase section */

/* Begin PBXSourcesBuildPhase section */
		982D6E772A0820A70044A85F /* Sources */ = {
			isa = PBXSourcesBuildPhase;
			buildActionMask = 2147483647;
			files = (
				982D6EA42A0829A30044A85F /* Constants.swift in Sources */,
				982D6E882A0820A90044A85F /* Persistence.swift in Sources */,
				982D6E812A0820A70044A85F /* ContentView.swift in Sources */,
				982D6E8B2A0820A90044A85F /* Devote.xcdatamodeld in Sources */,
				982D6EA62A082F270044A85F /* UIApplication+Extension.swift in Sources */,
				982D6E7F2A0820A70044A85F /* DevoteApp.swift in Sources */,
			);
			runOnlyForDeploymentPostprocessing = 0;
		};
/* End PBXSourcesBuildPhase section */

/* Begin XCBuildConfiguration section */
		982D6E8C2A0820A90044A85F /* Debug */ = {
			isa = XCBuildConfiguration;
			buildSettings = {
				ALWAYS_SEARCH_USER_PATHS = NO;
				CLANG_ANALYZER_NONNULL = YES;
				CLANG_ANALYZER_NUMBER_OBJECT_CONVERSION = YES_AGGRESSIVE;
				CLANG_CXX_LANGUAGE_STANDARD = "gnu++20";
				CLANG_ENABLE_MODULES = YES;
				CLANG_ENABLE_OBJC_ARC = YES;
				CLANG_ENABLE_OBJC_WEAK = YES;
				CLANG_WARN_BLOCK_CAPTURE_AUTORELEASING = YES;
				CLANG_WARN_BOOL_CONVERSION = YES;
				CLANG_WARN_COMMA = YES;
				CLANG_WARN_CONSTANT_CONVERSION = YES;
				CLANG_WARN_DEPRECATED_OBJC_IMPLEMENTATIONS = YES;
				CLANG_WARN_DIRECT_OBJC_ISA_USAGE = YES_ERROR;
				CLANG_WARN_DOCUMENTATION_COMMENTS = YES;
				CLANG_WARN_EMPTY_BODY = YES;
				CLANG_WARN_ENUM_CONVERSION = YES;
				CLANG_WARN_INFINITE_RECURSION = YES;
				CLANG_WARN_INT_CONVERSION = YES;
				CLANG_WARN_NON_LITERAL_NULL_CONVERSION = YES;
				CLANG_WARN_OBJC_IMPLICIT_RETAIN_SELF = YES;
				CLANG_WARN_OBJC_LITERAL_CONVERSION = YES;
				CLANG_WARN_OBJC_ROOT_CLASS = YES_ERROR;
				CLANG_WARN_QUOTED_INCLUDE_IN_FRAMEWORK_HEADER = YES;
				CLANG_WARN_RANGE_LOOP_ANALYSIS = YES;
				CLANG_WARN_STRICT_PROTOTYPES = YES;
				CLANG_WARN_SUSPICIOUS_MOVE = YES;
				CLANG_WARN_UNGUARDED_AVAILABILITY = YES_AGGRESSIVE;
				CLANG_WARN_UNREACHABLE_CODE = YES;
				CLANG_WARN__DUPLICATE_METHOD_MATCH = YES;
				COPY_PHASE_STRIP = NO;
				DEBUG_INFORMATION_FORMAT = dwarf;
				ENABLE_STRICT_OBJC_MSGSEND = YES;
				ENABLE_TESTABILITY = YES;
				GCC_C_LANGUAGE_STANDARD = gnu11;
				GCC_DYNAMIC_NO_PIC = NO;
				GCC_NO_COMMON_BLOCKS = YES;
				GCC_OPTIMIZATION_LEVEL = 0;
				GCC_PREPROCESSOR_DEFINITIONS = (
					"DEBUG=1",
					"$(inherited)",
				);
				GCC_WARN_64_TO_32_BIT_CONVERSION = YES;
				GCC_WARN_ABOUT_RETURN_TYPE = YES_ERROR;
				GCC_WARN_UNDECLARED_SELECTOR = YES;
				GCC_WARN_UNINITIALIZED_AUTOS = YES_AGGRESSIVE;
				GCC_WARN_UNUSED_FUNCTION = YES;
				GCC_WARN_UNUSED_VARIABLE = YES;
				IPHONEOS_DEPLOYMENT_TARGET = 16.4;
				MTL_ENABLE_DEBUG_INFO = INCLUDE_SOURCE;
				MTL_FAST_MATH = YES;
				ONLY_ACTIVE_ARCH = YES;
				SDKROOT = iphoneos;
				SWIFT_ACTIVE_COMPILATION_CONDITIONS = DEBUG;
				SWIFT_OPTIMIZATION_LEVEL = "-Onone";
			};
			name = Debug;
		};
		982D6E8D2A0820A90044A85F /* Release */ = {
			isa = XCBuildConfiguration;
			buildSettings = {
				ALWAYS_SEARCH_USER_PATHS = NO;
				CLANG_ANALYZER_NONNULL = YES;
				CLANG_ANALYZER_NUMBER_OBJECT_CONVERSION = YES_AGGRESSIVE;
				CLANG_CXX_LANGUAGE_STANDARD = "gnu++20";
				CLANG_ENABLE_MODULES = YES;
				CLANG_ENABLE_OBJC_ARC = YES;
				CLANG_ENABLE_OBJC_WEAK = YES;
				CLANG_WARN_BLOCK_CAPTURE_AUTORELEASING = YES;
				CLANG_WARN_BOOL_CONVERSION = YES;
				CLANG_WARN_COMMA = YES;
				CLANG_WARN_CONSTANT_CONVERSION = YES;
				CLANG_WARN_DEPRECATED_OBJC_IMPLEMENTATIONS = YES;
				CLANG_WARN_DIRECT_OBJC_ISA_USAGE = YES_ERROR;
				CLANG_WARN_DOCUMENTATION_COMMENTS = YES;
				CLANG_WARN_EMPTY_BODY = YES;
				CLANG_WARN_ENUM_CONVERSION = YES;
				CLANG_WARN_INFINITE_RECURSION = YES;
				CLANG_WARN_INT_CONVERSION = YES;
				CLANG_WARN_NON_LITERAL_NULL_CONVERSION = YES;
				CLANG_WARN_OBJC_IMPLICIT_RETAIN_SELF = YES;
				CLANG_WARN_OBJC_LITERAL_CONVERSION = YES;
				CLANG_WARN_OBJC_ROOT_CLASS = YES_ERROR;
				CLANG_WARN_QUOTED_INCLUDE_IN_FRAMEWORK_HEADER = YES;
				CLANG_WARN_RANGE_LOOP_ANALYSIS = YES;
				CLANG_WARN_STRICT_PROTOTYPES = YES;
				CLANG_WARN_SUSPICIOUS_MOVE = YES;
				CLANG_WARN_UNGUARDED_AVAILABILITY = YES_AGGRESSIVE;
				CLANG_WARN_UNREACHABLE_CODE = YES;
				CLANG_WARN__DUPLICATE_METHOD_MATCH = YES;
				COPY_PHASE_STRIP = NO;
				DEBUG_INFORMATION_FORMAT = "dwarf-with-dsym";
				ENABLE_NS_ASSERTIONS = NO;
				ENABLE_STRICT_OBJC_MSGSEND = YES;
				GCC_C_LANGUAGE_STANDARD = gnu11;
				GCC_NO_COMMON_BLOCKS = YES;
				GCC_WARN_64_TO_32_BIT_CONVERSION = YES;
				GCC_WARN_ABOUT_RETURN_TYPE = YES_ERROR;
				GCC_WARN_UNDECLARED_SELECTOR = YES;
				GCC_WARN_UNINITIALIZED_AUTOS = YES_AGGRESSIVE;
				GCC_WARN_UNUSED_FUNCTION = YES;
				GCC_WARN_UNUSED_VARIABLE = YES;
				IPHONEOS_DEPLOYMENT_TARGET = 16.4;
				MTL_ENABLE_DEBUG_INFO = NO;
				MTL_FAST_MATH = YES;
				SDKROOT = iphoneos;
				SWIFT_COMPILATION_MODE = wholemodule;
				SWIFT_OPTIMIZATION_LEVEL = "-O";
				VALIDATE_PRODUCT = YES;
			};
			name = Release;
		};
		982D6E8F2A0820A90044A85F /* Debug */ = {
			isa = XCBuildConfiguration;
			buildSettings = {
				ASSETCATALOG_COMPILER_APPICON_NAME = AppIcon;
				ASSETCATALOG_COMPILER_GLOBAL_ACCENT_COLOR_NAME = AccentColor;
				CODE_SIGN_STYLE = Automatic;
				CURRENT_PROJECT_VERSION = 1;
				DEVELOPMENT_ASSET_PATHS = "\"Devote/Preview Content\"";
				DEVELOPMENT_TEAM = HMMWHN78KV;
				ENABLE_PREVIEWS = YES;
				GENERATE_INFOPLIST_FILE = YES;
				INFOPLIST_FILE = Devote/Info.plist;
				INFOPLIST_KEY_UIApplicationSceneManifest_Generation = YES;
				INFOPLIST_KEY_UIApplicationSupportsIndirectInputEvents = YES;
				INFOPLIST_KEY_UISupportedInterfaceOrientations = UIInterfaceOrientationPortrait;
				LD_RUNPATH_SEARCH_PATHS = (
					"$(inherited)",
					"@executable_path/Frameworks",
				);
				MARKETING_VERSION = 1.0;
				PRODUCT_BUNDLE_IDENTIFIER = Kane.Devote;
				PRODUCT_NAME = "$(TARGET_NAME)";
				SWIFT_EMIT_LOC_STRINGS = YES;
				SWIFT_VERSION = 5.0;
				TARGETED_DEVICE_FAMILY = "1,2";
			};
			name = Debug;
		};
		982D6E902A0820A90044A85F /* Release */ = {
			isa = XCBuildConfiguration;
			buildSettings = {
				ASSETCATALOG_COMPILER_APPICON_NAME = AppIcon;
				ASSETCATALOG_COMPILER_GLOBAL_ACCENT_COLOR_NAME = AccentColor;
				CODE_SIGN_STYLE = Automatic;
				CURRENT_PROJECT_VERSION = 1;
				DEVELOPMENT_ASSET_PATHS = "\"Devote/Preview Content\"";
				DEVELOPMENT_TEAM = HMMWHN78KV;
				ENABLE_PREVIEWS = YES;
				GENERATE_INFOPLIST_FILE = YES;
				INFOPLIST_FILE = Devote/Info.plist;
				INFOPLIST_KEY_UIApplicationSceneManifest_Generation = YES;
				INFOPLIST_KEY_UIApplicationSupportsIndirectInputEvents = YES;
				INFOPLIST_KEY_UISupportedInterfaceOrientations = UIInterfaceOrientationPortrait;
				LD_RUNPATH_SEARCH_PATHS = (
					"$(inherited)",
					"@executable_path/Frameworks",
				);
				MARKETING_VERSION = 1.0;
				PRODUCT_BUNDLE_IDENTIFIER = Kane.Devote;
				PRODUCT_NAME = "$(TARGET_NAME)";
				SWIFT_EMIT_LOC_STRINGS = YES;
				SWIFT_VERSION = 5.0;
				TARGETED_DEVICE_FAMILY = "1,2";
			};
			name = Release;
		};
/* End XCBuildConfiguration section */

/* Begin XCConfigurationList section */
		982D6E762A0820A70044A85F /* Build configuration list for PBXProject "Devote" */ = {
			isa = XCConfigurationList;
			buildConfigurations = (
				982D6E8C2A0820A90044A85F /* Debug */,
				982D6E8D2A0820A90044A85F /* Release */,
			);
			defaultConfigurationIsVisible = 0;
			defaultConfigurationName = Release;
		};
		982D6E8E2A0820A90044A85F /* Build configuration list for PBXNativeTarget "Devote" */ = {
			isa = XCConfigurationList;
			buildConfigurations = (
				982D6E8F2A0820A90044A85F /* Debug */,
				982D6E902A0820A90044A85F /* Release */,
			);
			defaultConfigurationIsVisible = 0;
			defaultConfigurationName = Release;
		};
/* End XCConfigurationList section */

/* Begin XCVersionGroup section */
		982D6E892A0820A90044A85F /* Devote.xcdatamodeld */ = {
			isa = XCVersionGroup;
			children = (
				982D6E8A2A0820A90044A85F /* Devote.xcdatamodel */,
			);
			currentVersion = 982D6E8A2A0820A90044A85F /* Devote.xcdatamodel */;
			path = Devote.xcdatamodeld;
			sourceTree = "<group>";
			versionGroupType = wrapper.xcdatamodel;
		};
/* End XCVersionGroup section */
	};
	rootObject = 982D6E732A0820A70044A85F /* Project object */;
}
